// !$*UTF8*$!
{
	archiveVersion = 1;
	classes = {
	};
	objectVersion = 46;
	objects = {

/* Begin PBXBuildFile section */
		064DC3F91B4A2FA900E26A4B /* AppDelegate.swift in Sources */ = {isa = PBXBuildFile; fileRef = 064DC3F81B4A2FA900E26A4B /* AppDelegate.swift */; };
		064DC3FB1B4A2FA900E26A4B /* ViewController.swift in Sources */ = {isa = PBXBuildFile; fileRef = 064DC3FA1B4A2FA900E26A4B /* ViewController.swift */; };
		064DC3FE1B4A2FA900E26A4B /* Main.storyboard in Resources */ = {isa = PBXBuildFile; fileRef = 064DC3FC1B4A2FA900E26A4B /* Main.storyboard */; };
		064DC4001B4A2FA900E26A4B /* Images.xcassets in Resources */ = {isa = PBXBuildFile; fileRef = 064DC3FF1B4A2FA900E26A4B /* Images.xcassets */; };
		064DC4031B4A2FA900E26A4B /* LaunchScreen.xib in Resources */ = {isa = PBXBuildFile; fileRef = 064DC4011B4A2FA900E26A4B /* LaunchScreen.xib */; };
		064DC40F1B4A2FA900E26A4B /* TextFieldsDelegationTests.swift in Sources */ = {isa = PBXBuildFile; fileRef = 064DC40E1B4A2FA900E26A4B /* TextFieldsDelegationTests.swift */; };
/* End PBXBuildFile section */

/* Begin PBXContainerItemProxy section */
		064DC4091B4A2FA900E26A4B /* PBXContainerItemProxy */ = {
			isa = PBXContainerItemProxy;
			containerPortal = 064DC3EB1B4A2FA900E26A4B /* Project object */;
			proxyType = 1;
			remoteGlobalIDString = 064DC3F21B4A2FA900E26A4B;
			remoteInfo = TextFieldsDelegation;
		};
/* End PBXContainerItemProxy section */

/* Begin PBXFileReference section */
		064DC3F31B4A2FA900E26A4B /* TextFieldsDelegation.app */ = {isa = PBXFileReference; explicitFileType = wrapper.application; includeInIndex = 0; path = TextFieldsDelegation.app; sourceTree = BUILT_PRODUCTS_DIR; };
		064DC3F71B4A2FA900E26A4B /* Info.plist */ = {isa = PBXFileReference; lastKnownFileType = text.plist.xml; path = Info.plist; sourceTree = "<group>"; };
		064DC3F81B4A2FA900E26A4B /* AppDelegate.swift */ = {isa = PBXFileReference; lastKnownFileType = sourcecode.swift; path = AppDelegate.swift; sourceTree = "<group>"; };
		064DC3FA1B4A2FA900E26A4B /* ViewController.swift */ = {isa = PBXFileReference; lastKnownFileType = sourcecode.swift; path = ViewController.swift; sourceTree = "<group>"; };
		064DC3FD1B4A2FA900E26A4B /* Base */ = {isa = PBXFileReference; lastKnownFileType = file.storyboard; name = Base; path = Base.lproj/Main.storyboard; sourceTree = "<group>"; };
		064DC3FF1B4A2FA900E26A4B /* Images.xcassets */ = {isa = PBXFileReference; lastKnownFileType = folder.assetcatalog; path = Images.xcassets; sourceTree = "<group>"; };
		064DC4021B4A2FA900E26A4B /* Base */ = {isa = PBXFileReference; lastKnownFileType = file.xib; name = Base; path = Base.lproj/LaunchScreen.xib; sourceTree = "<group>"; };
		064DC4081B4A2FA900E26A4B /* TextFieldsDelegationTests.xctest */ = {isa = PBXFileReference; explicitFileType = wrapper.cfbundle; includeInIndex = 0; path = TextFieldsDelegationTests.xctest; sourceTree = BUILT_PRODUCTS_DIR; };
		064DC40D1B4A2FA900E26A4B /* Info.plist */ = {isa = PBXFileReference; lastKnownFileType = text.plist.xml; path = Info.plist; sourceTree = "<group>"; };
		064DC40E1B4A2FA900E26A4B /* TextFieldsDelegationTests.swift */ = {isa = PBXFileReference; lastKnownFileType = sourcecode.swift; path = TextFieldsDelegationTests.swift; sourceTree = "<group>"; };
/* End PBXFileReference section */

/* Begin PBXFrameworksBuildPhase section */
		064DC3F01B4A2FA900E26A4B /* Frameworks */ = {
			isa = PBXFrameworksBuildPhase;
			buildActionMask = 2147483647;
			files = (
			);
			runOnlyForDeploymentPostprocessing = 0;
		};
		064DC4051B4A2FA900E26A4B /* Frameworks */ = {
			isa = PBXFrameworksBuildPhase;
			buildActionMask = 2147483647;
			files = (
			);
			runOnlyForDeploymentPostprocessing = 0;
		};
/* End PBXFrameworksBuildPhase section */

/* Begin PBXGroup section */
		064DC3EA1B4A2FA900E26A4B = {
			isa = PBXGroup;
			children = (
				064DC3F51B4A2FA900E26A4B /* TextFieldsDelegation */,
				064DC40B1B4A2FA900E26A4B /* TextFieldsDelegationTests */,
				064DC3F41B4A2FA900E26A4B /* Products */,
			);
			sourceTree = "<group>";
		};
		064DC3F41B4A2FA900E26A4B /* Products */ = {
			isa = PBXGroup;
			children = (
				064DC3F31B4A2FA900E26A4B /* TextFieldsDelegation.app */,
				064DC4081B4A2FA900E26A4B /* TextFieldsDelegationTests.xctest */,
			);
			name = Products;
			sourceTree = "<group>";
		};
		064DC3F51B4A2FA900E26A4B /* TextFieldsDelegation */ = {
			isa = PBXGroup;
			children = (
				064DC3F81B4A2FA900E26A4B /* AppDelegate.swift */,
				064DC3FA1B4A2FA900E26A4B /* ViewController.swift */,
				064DC3FC1B4A2FA900E26A4B /* Main.storyboard */,
				064DC3FF1B4A2FA900E26A4B /* Images.xcassets */,
				064DC4011B4A2FA900E26A4B /* LaunchScreen.xib */,
				064DC3F61B4A2FA900E26A4B /* Supporting Files */,
			);
			path = TextFieldsDelegation;
			sourceTree = "<group>";
		};
		064DC3F61B4A2FA900E26A4B /* Supporting Files */ = {
			isa = PBXGroup;
			children = (
				064DC3F71B4A2FA900E26A4B /* Info.plist */,
			);
			name = "Supporting Files";
			sourceTree = "<group>";
		};
		064DC40B1B4A2FA900E26A4B /* TextFieldsDelegationTests */ = {
			isa = PBXGroup;
			children = (
				064DC40E1B4A2FA900E26A4B /* TextFieldsDelegationTests.swift */,
				064DC40C1B4A2FA900E26A4B /* Supporting Files */,
			);
			path = TextFieldsDelegationTests;
			sourceTree = "<group>";
		};
		064DC40C1B4A2FA900E26A4B /* Supporting Files */ = {
			isa = PBXGroup;
			children = (
				064DC40D1B4A2FA900E26A4B /* Info.plist */,
			);
			name = "Supporting Files";
			sourceTree = "<group>";
		};
/* End PBXGroup section */

/* Begin PBXNativeTarget section */
		064DC3F21B4A2FA900E26A4B /* TextFieldsDelegation */ = {
			isa = PBXNativeTarget;
			buildConfigurationList = 064DC4121B4A2FA900E26A4B /* Build configuration list for PBXNativeTarget "TextFieldsDelegation" */;
			buildPhases = (
				064DC3EF1B4A2FA900E26A4B /* Sources */,
				064DC3F01B4A2FA900E26A4B /* Frameworks */,
				064DC3F11B4A2FA900E26A4B /* Resources */,
			);
			buildRules = (
			);
			dependencies = (
			);
			name = TextFieldsDelegation;
			productName = TextFieldsDelegation;
			productReference = 064DC3F31B4A2FA900E26A4B /* TextFieldsDelegation.app */;
			productType = "com.apple.product-type.application";
		};
		064DC4071B4A2FA900E26A4B /* TextFieldsDelegationTests */ = {
			isa = PBXNativeTarget;
			buildConfigurationList = 064DC4151B4A2FA900E26A4B /* Build configuration list for PBXNativeTarget "TextFieldsDelegationTests" */;
			buildPhases = (
				064DC4041B4A2FA900E26A4B /* Sources */,
				064DC4051B4A2FA900E26A4B /* Frameworks */,
				064DC4061B4A2FA900E26A4B /* Resources */,
			);
			buildRules = (
			);
			dependencies = (
				064DC40A1B4A2FA900E26A4B /* PBXTargetDependency */,
			);
			name = TextFieldsDelegationTests;
			productName = TextFieldsDelegationTests;
			productReference = 064DC4081B4A2FA900E26A4B /* TextFieldsDelegationTests.xctest */;
			productType = "com.apple.product-type.bundle.unit-test";
		};
/* End PBXNativeTarget section */

/* Begin PBXProject section */
		064DC3EB1B4A2FA900E26A4B /* Project object */ = {
			isa = PBXProject;
			attributes = {
				LastUpgradeCheck = 0640;
				ORGANIZATIONNAME = "Tu Tong";
				TargetAttributes = {
					064DC3F21B4A2FA900E26A4B = {
						CreatedOnToolsVersion = 6.4;
					};
					064DC4071B4A2FA900E26A4B = {
						CreatedOnToolsVersion = 6.4;
						TestTargetID = 064DC3F21B4A2FA900E26A4B;
					};
				};
			};
			buildConfigurationList = 064DC3EE1B4A2FA900E26A4B /* Build configuration list for PBXProject "TextFieldsDelegation" */;
			compatibilityVersion = "Xcode 3.2";
			developmentRegion = English;
			hasScannedForEncodings = 0;
			knownRegions = (
				en,
				Base,
			);
			mainGroup = 064DC3EA1B4A2FA900E26A4B;
			productRefGroup = 064DC3F41B4A2FA900E26A4B /* Products */;
			projectDirPath = "";
			projectRoot = "";
			targets = (
				064DC3F21B4A2FA900E26A4B /* TextFieldsDelegation */,
				064DC4071B4A2FA900E26A4B /* TextFieldsDelegationTests */,
			);
		};
/* End PBXProject section */

/* Begin PBXResourcesBuildPhase section */
		064DC3F11B4A2FA900E26A4B /* Resources */ = {
			isa = PBXResourcesBuildPhase;
			buildActionMask = 2147483647;
			files = (
				064DC3FE1B4A2FA900E26A4B /* Main.storyboard in Resources */,
				064DC4031B4A2FA900E26A4B /* LaunchScreen.xib in Resources */,
				064DC4001B4A2FA900E26A4B /* Images.xcassets in Resources */,
			);
			runOnlyForDeploymentPostprocessing = 0;
		};
		064DC4061B4A2FA900E26A4B /* Resources */ = {
			isa = PBXResourcesBuildPhase;
			buildActionMask = 2147483647;
			files = (
			);
			runOnlyForDeploymentPostprocessing = 0;
		};
/* End PBXResourcesBuildPhase section */

/* Begin PBXSourcesBuildPhase section */
		064DC3EF1B4A2FA900E26A4B /* Sources */ = {
			isa = PBXSourcesBuildPhase;
			buildActionMask = 2147483647;
			files = (
				064DC3FB1B4A2FA900E26A4B /* ViewController.swift in Sources */,
				064DC3F91B4A2FA900E26A4B /* AppDelegate.swift in Sources */,
			);
			runOnlyForDeploymentPostprocessing = 0;
		};
		064DC4041B4A2FA900E26A4B /* Sources */ = {
			isa = PBXSourcesBuildPhase;
			buildActionMask = 2147483647;
			files = (
				064DC40F1B4A2FA900E26A4B /* TextFieldsDelegationTests.swift in Sources */,
			);
			runOnlyForDeploymentPostprocessing = 0;
		};
/* End PBXSourcesBuildPhase section */

/* Begin PBXTargetDependency section */
		064DC40A1B4A2FA900E26A4B /* PBXTargetDependency */ = {
			isa = PBXTargetDependency;
			target = 064DC3F21B4A2FA900E26A4B /* TextFieldsDelegation */;
			targetProxy = 064DC4091B4A2FA900E26A4B /* PBXContainerItemProxy */;
		};
/* End PBXTargetDependency section */

/* Begin PBXVariantGroup section */
		064DC3FC1B4A2FA900E26A4B /* Main.storyboard */ = {
			isa = PBXVariantGroup;
			children = (
				064DC3FD1B4A2FA900E26A4B /* Base */,
			);
			name = Main.storyboard;
			sourceTree = "<group>";
		};
		064DC4011B4A2FA900E26A4B /* LaunchScreen.xib */ = {
			isa = PBXVariantGroup;
			children = (
				064DC4021B4A2FA900E26A4B /* Base */,
			);
			name = LaunchScreen.xib;
			sourceTree = "<group>";
		};
/* End PBXVariantGroup section */

/* Begin XCBuildConfiguration section */
		064DC4101B4A2FA900E26A4B /* Debug */ = {
			isa = XCBuildConfiguration;
			buildSettings = {
				ALWAYS_SEARCH_USER_PATHS = NO;
				CLANG_CXX_LANGUAGE_STANDARD = "gnu++0x";
				CLANG_CXX_LIBRARY = "libc++";
				CLANG_ENABLE_MODULES = YES;
				CLANG_ENABLE_OBJC_ARC = YES;
				CLANG_WARN_BOOL_CONVERSION = YES;
				CLANG_WARN_CONSTANT_CONVERSION = YES;
				CLANG_WARN_DIRECT_OBJC_ISA_USAGE = YES_ERROR;
				CLANG_WARN_EMPTY_BODY = YES;
				CLANG_WARN_ENUM_CONVERSION = YES;
				CLANG_WARN_INT_CONVERSION = YES;
				CLANG_WARN_OBJC_ROOT_CLASS = YES_ERROR;
				CLANG_WARN_UNREACHABLE_CODE = YES;
				CLANG_WARN__DUPLICATE_METHOD_MATCH = YES;
				"CODE_SIGN_IDENTITY[sdk=iphoneos*]" = "iPhone Developer";
				COPY_PHASE_STRIP = NO;
				DEBUG_INFORMATION_FORMAT = "dwarf-with-dsym";
				ENABLE_STRICT_OBJC_MSGSEND = YES;
				GCC_C_LANGUAGE_STANDARD = gnu99;
				GCC_DYNAMIC_NO_PIC = NO;
				GCC_NO_COMMON_BLOCKS = YES;
				GCC_OPTIMIZATION_LEVEL = 0;
				GCC_PREPROCESSOR_DEFINITIONS = (
					"DEBUG=1",
					"$(inherited)",
				);
				GCC_SYMBOLS_PRIVATE_EXTERN = NO;
				GCC_WARN_64_TO_32_BIT_CONVERSION = YES;
				GCC_WARN_ABOUT_RETURN_TYPE = YES_ERROR;
				GCC_WARN_UNDECLARED_SELECTOR = YES;
				GCC_WARN_UNINITIALIZED_AUTOS = YES_AGGRESSIVE;
				GCC_WARN_UNUSED_FUNCTION = YES;
				GCC_WARN_UNUSED_VARIABLE = YES;
				IPHONEOS_DEPLOYMENT_TARGET = 8.4;
				MTL_ENABLE_DEBUG_INFO = YES;
				ONLY_ACTIVE_ARCH = YES;
				SDKROOT = iphoneos;
				SWIFT_OPTIMIZATION_LEVEL = "-Onone";
				TARGETED_DEVICE_FAMILY = "1,2";
			};
			name = Debug;
		};
		064DC4111B4A2FA900E26A4B /* Release */ = {
			isa = XCBuildConfiguration;
			buildSettings = {
				ALWAYS_SEARCH_USER_PATHS = NO;
				CLANG_CXX_LANGUAGE_STANDARD = "gnu++0x";
				CLANG_CXX_LIBRARY = "libc++";
				CLANG_ENABLE_MODULES = YES;
				CLANG_ENABLE_OBJC_ARC = YES;
				CLANG_WARN_BOOL_CONVERSION = YES;
				CLANG_WARN_CONSTANT_CONVERSION = YES;
				CLANG_WARN_DIRECT_OBJC_ISA_USAGE = YES_ERROR;
				CLANG_WARN_EMPTY_BODY = YES;
				CLANG_WARN_ENUM_CONVERSION = YES;
				CLANG_WARN_INT_CONVERSION = YES;
				CLANG_WARN_OBJC_ROOT_CLASS = YES_ERROR;
				CLANG_WARN_UNREACHABLE_CODE = YES;
				CLANG_WARN__DUPLICATE_METHOD_MATCH = YES;
				"CODE_SIGN_IDENTITY[sdk=iphoneos*]" = "iPhone Developer";
				COPY_PHASE_STRIP = NO;
				DEBUG_INFORMATION_FORMAT = "dwarf-with-dsym";
				ENABLE_NS_ASSERTIONS = NO;
				ENABLE_STRICT_OBJC_MSGSEND = YES;
				GCC_C_LANGUAGE_STANDARD = gnu99;
				GCC_NO_COMMON_BLOCKS = YES;
				GCC_WARN_64_TO_32_BIT_CONVERSION = YES;
				GCC_WARN_ABOUT_RETURN_TYPE = YES_ERROR;
				GCC_WARN_UNDECLARED_SELECTOR = YES;
				GCC_WARN_UNINITIALIZED_AUTOS = YES_AGGRESSIVE;
				GCC_WARN_UNUSED_FUNCTION = YES;
				GCC_WARN_UNUSED_VARIABLE = YES;
				IPHONEOS_DEPLOYMENT_TARGET = 8.4;
				MTL_ENABLE_DEBUG_INFO = NO;
				SDKROOT = iphoneos;
				TARGETED_DEVICE_FAMILY = "1,2";
				VALIDATE_PRODUCT = YES;
			};
			name = Release;
		};
		064DC4131B4A2FA900E26A4B /* Debug */ = {
			isa = XCBuildConfiguration;
			buildSettings = {
				ASSETCATALOG_COMPILER_APPICON_NAME = AppIcon;
				INFOPLIST_FILE = TextFieldsDelegation/Info.plist;
				LD_RUNPATH_SEARCH_PATHS = "$(inherited) @executable_path/Frameworks";
				PRODUCT_NAME = "$(TARGET_NAME)";
			};
			name = Debug;
		};
		064DC4141B4A2FA900E26A4B /* Release */ = {
			isa = XCBuildConfiguration;
			buildSettings = {
				ASSETCATALOG_COMPILER_APPICON_NAME = AppIcon;
				INFOPLIST_FILE = TextFieldsDelegation/Info.plist;
				LD_RUNPATH_SEARCH_PATHS = "$(inherited) @executable_path/Frameworks";
				PRODUCT_NAME = "$(TARGET_NAME)";
			};
			name = Release;
		};
		064DC4161B4A2FA900E26A4B /* Debug */ = {
			isa = XCBuildConfiguration;
			buildSettings = {
				BUNDLE_LOADER = "$(TEST_HOST)";
				FRAMEWORK_SEARCH_PATHS = (
					"$(SDKROOT)/Developer/Library/Frameworks",
					"$(inherited)",
				);
				GCC_PREPROCESSOR_DEFINITIONS = (
					"DEBUG=1",
					"$(inherited)",
				);
				INFOPLIST_FILE = TextFieldsDelegationTests/Info.plist;
				LD_RUNPATH_SEARCH_PATHS = "$(inherited) @executable_path/Frameworks @loader_path/Frameworks";
				PRODUCT_NAME = "$(TARGET_NAME)";
				TEST_HOST = "$(BUILT_PRODUCTS_DIR)/TextFieldsDelegation.app/TextFieldsDelegation";
			};
			name = Debug;
		};
		064DC4171B4A2FA900E26A4B /* Release */ = {
			isa = XCBuildConfiguration;
			buildSettings = {
				BUNDLE_LOADER = "$(TEST_HOST)";
				FRAMEWORK_SEARCH_PATHS = (
					"$(SDKROOT)/Developer/Library/Frameworks",
					"$(inherited)",
				);
				INFOPLIST_FILE = TextFieldsDelegationTests/Info.plist;
				LD_RUNPATH_SEARCH_PATHS = "$(inherited) @executable_path/Frameworks @loader_path/Frameworks";
				PRODUCT_NAME = "$(TARGET_NAME)";
				TEST_HOST = "$(BUILT_PRODUCTS_DIR)/TextFieldsDelegation.app/TextFieldsDelegation";
			};
			name = Release;
		};
/* End XCBuildConfiguration section */

/* Begin XCConfigurationList section */
		064DC3EE1B4A2FA900E26A4B /* Build configuration list for PBXProject "TextFieldsDelegation" */ = {
			isa = XCConfigurationList;
			buildConfigurations = (
				064DC4101B4A2FA900E26A4B /* Debug */,
				064DC4111B4A2FA900E26A4B /* Release */,
			);
			defaultConfigurationIsVisible = 0;
			defaultConfigurationName = Release;
		};
		064DC4121B4A2FA900E26A4B /* Build configuration list for PBXNativeTarget "TextFieldsDelegation" */ = {
			isa = XCConfigurationList;
			buildConfigurations = (
				064DC4131B4A2FA900E26A4B /* Debug */,
				064DC4141B4A2FA900E26A4B /* Release */,
			);
			defaultConfigurationIsVisible = 0;
		};
		064DC4151B4A2FA900E26A4B /* Build configuration list for PBXNativeTarget "TextFieldsDelegationTests" */ = {
			isa = XCConfigurationList;
			buildConfigurations = (
				064DC4161B4A2FA900E26A4B /* Debug */,
				064DC4171B4A2FA900E26A4B /* Release */,
			);
			defaultConfigurationIsVisible = 0;
		};
/* End XCConfigurationList section */
	};
	rootObject = 064DC3EB1B4A2FA900E26A4B /* Project object */;
}
